
Microsoft Visual Studio Solution File, Format Version 12.00
# Visual Studio 2012
Project("{FAE04EC0-301F-11D3-BF4B-00C04F79EFBC}") = "OSBIDE.Plugins.VS2012", "OSBIDE.Plugins.VS2012\OSBIDE.Plugins.VS2012.csproj", "{169D5768-DD74-497D-93FF-E7DA5B7237AD}"
EndProject
Global
	GlobalSection(TeamFoundationVersionControl) = preSolution
		SccNumberOfProjects = 2
		SccEnterpriseProvider = {4CA58AB2-18FA-4F8D-95D4-32DDF27D184C}
		SccTeamFoundationServer = https://tfs.codeplex.com/tfs/tfs25
		SccLocalPath0 = .
		SccProjectUniqueName1 = OSBIDE.Plugins.VS2012\\OSBIDE.Plugins.VS2012.csproj
		SccProjectName1 = OSBIDE.Plugins.VS2012
		SccLocalPath1 = OSBIDE.Plugins.VS2012
	EndGlobalSection
	GlobalSection(SolutionConfigurationPlatforms) = preSolution
		Debug|Any CPU = Debug|Any CPU
		Release|Any CPU = Release|Any CPU
	EndGlobalSection
	GlobalSection(ProjectConfigurationPlatforms) = postSolution
		{169D5768-DD74-497D-93FF-E7DA5B7237AD}.Debug|Any CPU.ActiveCfg = Debug|Any CPU
		{169D5768-DD74-497D-93FF-E7DA5B7237AD}.Debug|Any CPU.Build.0 = Debug|Any CPU
		{169D5768-DD74-497D-93FF-E7DA5B7237AD}.Release|Any CPU.ActiveCfg = Release|Any CPU
		{169D5768-DD74-497D-93FF-E7DA5B7237AD}.Release|Any CPU.Build.0 = Release|Any CPU
	EndGlobalSection
	GlobalSection(SolutionProperties) = preSolution
		HideSolutionNode = FALSE
	EndGlobalSection
EndGlobal
