
Microsoft Visual Studio Solution File, Format Version 11.00
# Visual Studio 2010
Project("{FAE04EC0-301F-11D3-BF4B-00C04F79EFBC}") = "OSBIDE.VSPackage", "Source\OSBIDE.VSPackage\OSBIDE.VSPackage.csproj", "{BD4265B7-EA5B-490F-A7D2-C1E86E711DB7}"
	ProjectSection(ProjectDependencies) = postProject
		{A79BCD54-BE94-4E90-8670-B2CDE3DCA876} = {A79BCD54-BE94-4E90-8670-B2CDE3DCA876}
	EndProjectSection
EndProject
Project("{FAE04EC0-301F-11D3-BF4B-00C04F79EFBC}") = "OSBIDE.Controls", "Source\OSBIDE.Controls\OSBIDE.Controls.csproj", "{9EA09E78-0541-4233-B189-EE1DBD56520D}"
EndProject
Project("{FAE04EC0-301F-11D3-BF4B-00C04F79EFBC}") = "OSBIDE.Library", "Source\OSBIDE.Library\OSBIDE.Library.csproj", "{A38761C0-8F42-4C04-9DAA-05989B3971D0}"
EndProject
Project("{FAE04EC0-301F-11D3-BF4B-00C04F79EFBC}") = "OSBIDE.Web", "Source\OSBIDE.Web\OSBIDE.Web.csproj", "{A79BCD54-BE94-4E90-8670-B2CDE3DCA876}"
EndProject
Project("{FAE04EC0-301F-11D3-BF4B-00C04F79EFBC}") = "OSBIDE.IntegrationTests", "UnitTests\OSBIDE.IntegrationTests\OSBIDE.IntegrationTests.csproj", "{500B91C3-F9B3-4A6C-9AD5-F4A534E26807}"
EndProject
Project("{FAE04EC0-301F-11D3-BF4B-00C04F79EFBC}") = "OSBIDE.UnitTests", "UnitTests\OSBIDE.UnitTests\OSBIDE.UnitTests.csproj", "{F7E4FE1A-7F51-4706-8BD7-E14E50F67246}"
EndProject
Project("{2150E333-8FDC-42A3-9474-1A3956D46DE8}") = "Solution Items", "Solution Items", "{BA888830-EB1D-4825-88A3-5BADB0A9F2AC}"
	ProjectSection(SolutionItems) = preProject
		OSBIDE.vsmdi = OSBIDE.vsmdi
	EndProjectSection
EndProject
Project("{FAE04EC0-301F-11D3-BF4B-00C04F79EFBC}") = "FileCache", "..\..\..\..\filecache\fc\Main\Source\FileCache\FileCache.csproj", "{E13FD5FE-7D45-4A90-8FBB-C498BD144940}"
EndProject
Global
	GlobalSection(TeamFoundationVersionControl) = preSolution
		SccNumberOfProjects = 8
		SccEnterpriseProvider = {4CA58AB2-18FA-4F8D-95D4-32DDF27D184C}
		SccTeamFoundationServer = https://tfs.codeplex.com/tfs/tfs25
		SccLocalPath0 = .
		SccProjectUniqueName1 = UnitTests\\OSBIDE.UnitTests\\OSBIDE.UnitTests.csproj
		SccProjectName1 = UnitTests/OSBIDE.UnitTests
		SccLocalPath1 = UnitTests\\OSBIDE.UnitTests
		SccProjectUniqueName2 = UnitTests\\OSBIDE.IntegrationTests\\OSBIDE.IntegrationTests.csproj
		SccProjectName2 = UnitTests/OSBIDE.IntegrationTests
		SccLocalPath2 = UnitTests\\OSBIDE.IntegrationTests
		SccProjectUniqueName3 = Source\\OSBIDE.Web\\OSBIDE.Web.csproj
		SccProjectName3 = Source/OSBIDE.Web
		SccLocalPath3 = Source\\OSBIDE.Web
		SccProjectUniqueName4 = Source\\OSBIDE.Library\\OSBIDE.Library.csproj
		SccProjectName4 = Source/OSBIDE.Library
		SccLocalPath4 = Source\\OSBIDE.Library
		SccProjectUniqueName5 = Source\\OSBIDE.Controls\\OSBIDE.Controls.csproj
		SccProjectName5 = Source/OSBIDE.Controls
		SccLocalPath5 = Source\\OSBIDE.Controls
		SccProjectUniqueName6 = Source\\OSBIDE.VSPackage\\OSBIDE.VSPackage.csproj
		SccProjectName6 = Source/OSBIDE.VSPackage
		SccLocalPath6 = Source\\OSBIDE.VSPackage
		SccProjectUniqueName7 = ..\\..\\..\\..\\filecache\\fc\\Main\\Source\\FileCache\\FileCache.csproj
		SccProjectName7 = ../../../../fc/Main/Source/FileCache
		SccLocalPath7 = ..\\..\\..\\..\\filecache\\fc\\Main\\Source\\FileCache
	EndGlobalSection
	GlobalSection(TestCaseManagementSettings) = postSolution
		CategoryFile = OSBIDE.vsmdi
	EndGlobalSection
	GlobalSection(SolutionConfigurationPlatforms) = preSolution
		Debug|Any CPU = Debug|Any CPU
		Release|Any CPU = Release|Any CPU
	EndGlobalSection
	GlobalSection(ProjectConfigurationPlatforms) = postSolution
		{BD4265B7-EA5B-490F-A7D2-C1E86E711DB7}.Debug|Any CPU.ActiveCfg = Debug|Any CPU
		{BD4265B7-EA5B-490F-A7D2-C1E86E711DB7}.Debug|Any CPU.Build.0 = Debug|Any CPU
		{BD4265B7-EA5B-490F-A7D2-C1E86E711DB7}.Release|Any CPU.ActiveCfg = Release|Any CPU
		{BD4265B7-EA5B-490F-A7D2-C1E86E711DB7}.Release|Any CPU.Build.0 = Release|Any CPU
		{9EA09E78-0541-4233-B189-EE1DBD56520D}.Debug|Any CPU.ActiveCfg = Debug|Any CPU
		{9EA09E78-0541-4233-B189-EE1DBD56520D}.Debug|Any CPU.Build.0 = Debug|Any CPU
		{9EA09E78-0541-4233-B189-EE1DBD56520D}.Release|Any CPU.ActiveCfg = Release|Any CPU
		{9EA09E78-0541-4233-B189-EE1DBD56520D}.Release|Any CPU.Build.0 = Release|Any CPU
		{A38761C0-8F42-4C04-9DAA-05989B3971D0}.Debug|Any CPU.ActiveCfg = Debug|Any CPU
		{A38761C0-8F42-4C04-9DAA-05989B3971D0}.Debug|Any CPU.Build.0 = Debug|Any CPU
		{A38761C0-8F42-4C04-9DAA-05989B3971D0}.Release|Any CPU.ActiveCfg = Release|Any CPU
		{A38761C0-8F42-4C04-9DAA-05989B3971D0}.Release|Any CPU.Build.0 = Release|Any CPU
		{A79BCD54-BE94-4E90-8670-B2CDE3DCA876}.Debug|Any CPU.ActiveCfg = Debug|Any CPU
		{A79BCD54-BE94-4E90-8670-B2CDE3DCA876}.Debug|Any CPU.Build.0 = Debug|Any CPU
		{A79BCD54-BE94-4E90-8670-B2CDE3DCA876}.Release|Any CPU.ActiveCfg = Release|Any CPU
		{A79BCD54-BE94-4E90-8670-B2CDE3DCA876}.Release|Any CPU.Build.0 = Release|Any CPU
		{500B91C3-F9B3-4A6C-9AD5-F4A534E26807}.Debug|Any CPU.ActiveCfg = Debug|Any CPU
		{500B91C3-F9B3-4A6C-9AD5-F4A534E26807}.Debug|Any CPU.Build.0 = Debug|Any CPU
		{500B91C3-F9B3-4A6C-9AD5-F4A534E26807}.Release|Any CPU.ActiveCfg = Release|Any CPU
		{500B91C3-F9B3-4A6C-9AD5-F4A534E26807}.Release|Any CPU.Build.0 = Release|Any CPU
		{F7E4FE1A-7F51-4706-8BD7-E14E50F67246}.Debug|Any CPU.ActiveCfg = Debug|Any CPU
		{F7E4FE1A-7F51-4706-8BD7-E14E50F67246}.Debug|Any CPU.Build.0 = Debug|Any CPU
		{F7E4FE1A-7F51-4706-8BD7-E14E50F67246}.Release|Any CPU.ActiveCfg = Release|Any CPU
		{F7E4FE1A-7F51-4706-8BD7-E14E50F67246}.Release|Any CPU.Build.0 = Release|Any CPU
		{E13FD5FE-7D45-4A90-8FBB-C498BD144940}.Debug|Any CPU.ActiveCfg = Debug|Any CPU
		{E13FD5FE-7D45-4A90-8FBB-C498BD144940}.Debug|Any CPU.Build.0 = Debug|Any CPU
		{E13FD5FE-7D45-4A90-8FBB-C498BD144940}.Release|Any CPU.ActiveCfg = Release|Any CPU
		{E13FD5FE-7D45-4A90-8FBB-C498BD144940}.Release|Any CPU.Build.0 = Release|Any CPU
	EndGlobalSection
	GlobalSection(SolutionProperties) = preSolution
		HideSolutionNode = FALSE
	EndGlobalSection
EndGlobal
