
Microsoft Visual Studio Solution File, Format Version 12.00
# Visual Studio 2012
Project("{FAE04EC0-301F-11D3-BF4B-00C04F79EFBC}") = "OSBIDE.Controls", "Source\OSBIDE.Controls\OSBIDE.Controls.csproj", "{9EA09E78-0541-4233-B189-EE1DBD56520D}"
	ProjectSection(ProjectDependencies) = postProject
		{913528C6-350E-4CA0-936E-B75C9D8DE120} = {913528C6-350E-4CA0-936E-B75C9D8DE120}
	EndProjectSection
EndProject
Project("{FAE04EC0-301F-11D3-BF4B-00C04F79EFBC}") = "OSBIDE.Library", "Source\OSBIDE.Library\OSBIDE.Library.csproj", "{A38761C0-8F42-4C04-9DAA-05989B3971D0}"
EndProject
Project("{FAE04EC0-301F-11D3-BF4B-00C04F79EFBC}") = "OSBIDE.Library.ServiceClient", "Source\OSBIDE.Library.ServiceClient\OSBIDE.Library.ServiceClient.csproj", "{5AAF5126-7931-40F4-9B46-92CE15C47CCA}"
	ProjectSection(ProjectDependencies) = postProject
		{913528C6-350E-4CA0-936E-B75C9D8DE120} = {913528C6-350E-4CA0-936E-B75C9D8DE120}
	EndProjectSection
EndProject
Project("{FAE04EC0-301F-11D3-BF4B-00C04F79EFBC}") = "FileCache", "..\..\..\..\filecache\fc\Main\Source\FileCache\FileCache.csproj", "{E13FD5FE-7D45-4A90-8FBB-C498BD144940}"
EndProject
Project("{FAE04EC0-301F-11D3-BF4B-00C04F79EFBC}") = "OSBIDE.Web", "Source\OSBIDE.Web\OSBIDE.Web.csproj", "{913528C6-350E-4CA0-936E-B75C9D8DE120}"
EndProject
Project("{FAE04EC0-301F-11D3-BF4B-00C04F79EFBC}") = "OSBIDE.VSPackage", "Source\OSBIDE.VSPackage\OSBIDE.VSPackage.csproj", "{C1581B62-599C-46B8-A08B-60978A7FFB36}"
EndProject
Global
	GlobalSection(TeamFoundationVersionControl) = preSolution
		SccNumberOfProjects = 7
		SccEnterpriseProvider = {4CA58AB2-18FA-4F8D-95D4-32DDF27D184C}
		SccTeamFoundationServer = https://tfs.codeplex.com/tfs/tfs25
		SccLocalPath0 = .
		SccProjectUniqueName1 = Source\\OSBIDE.Library\\OSBIDE.Library.csproj
		SccProjectName1 = Source/OSBIDE.Library
		SccLocalPath1 = Source\\OSBIDE.Library
		SccProjectUniqueName2 = Source\\OSBIDE.Controls\\OSBIDE.Controls.csproj
		SccProjectName2 = Source/OSBIDE.Controls
		SccLocalPath2 = Source\\OSBIDE.Controls
		SccProjectUniqueName3 = Source\\OSBIDE.Library.ServiceClient\\OSBIDE.Library.ServiceClient.csproj
		SccProjectName3 = Source/OSBIDE.Library.ServiceClient
		SccLocalPath3 = Source\\OSBIDE.Library.ServiceClient
		SccProjectUniqueName4 = ..\\..\\..\\..\\filecache\\fc\\Main\\Source\\FileCache\\FileCache.csproj
		SccProjectName4 = ../../../../fc/Main/Source/FileCache
		SccLocalPath4 = ..\\..\\..\\..\\filecache\\fc\\Main\\Source\\FileCache
		SccProjectUniqueName5 = Source\\OSBIDE.Web\\OSBIDE.Web.csproj
		SccProjectName5 = Source/OSBIDE.Web
		SccLocalPath5 = Source\\OSBIDE.Web
		SccProjectUniqueName6 = Source\\OSBIDE.VSPackage\\OSBIDE.VSPackage.csproj
		SccProjectName6 = Source/OSBIDE.VSPackage
		SccLocalPath6 = Source\\OSBIDE.VSPackage
	EndGlobalSection
	GlobalSection(TestCaseManagementSettings) = postSolution
		CategoryFile = OSBIDE.vsmdi
	EndGlobalSection
	GlobalSection(SolutionConfigurationPlatforms) = preSolution
		Debug|Any CPU = Debug|Any CPU
		Debug|Mixed Platforms = Debug|Mixed Platforms
		Debug|x86 = Debug|x86
		Release|Any CPU = Release|Any CPU
		Release|Mixed Platforms = Release|Mixed Platforms
		Release|x86 = Release|x86
	EndGlobalSection
	GlobalSection(ProjectConfigurationPlatforms) = postSolution
		{9EA09E78-0541-4233-B189-EE1DBD56520D}.Debug|Any CPU.ActiveCfg = Debug|Any CPU
		{9EA09E78-0541-4233-B189-EE1DBD56520D}.Debug|Any CPU.Build.0 = Debug|Any CPU
		{9EA09E78-0541-4233-B189-EE1DBD56520D}.Debug|Mixed Platforms.ActiveCfg = Debug|Any CPU
		{9EA09E78-0541-4233-B189-EE1DBD56520D}.Debug|Mixed Platforms.Build.0 = Debug|Any CPU
		{9EA09E78-0541-4233-B189-EE1DBD56520D}.Debug|x86.ActiveCfg = Debug|Any CPU
		{9EA09E78-0541-4233-B189-EE1DBD56520D}.Debug|x86.Build.0 = Debug|Any CPU
		{9EA09E78-0541-4233-B189-EE1DBD56520D}.Release|Any CPU.ActiveCfg = Release|Any CPU
		{9EA09E78-0541-4233-B189-EE1DBD56520D}.Release|Any CPU.Build.0 = Release|Any CPU
		{9EA09E78-0541-4233-B189-EE1DBD56520D}.Release|Mixed Platforms.ActiveCfg = Release|Any CPU
		{9EA09E78-0541-4233-B189-EE1DBD56520D}.Release|Mixed Platforms.Build.0 = Release|Any CPU
		{9EA09E78-0541-4233-B189-EE1DBD56520D}.Release|x86.ActiveCfg = Release|Any CPU
		{A38761C0-8F42-4C04-9DAA-05989B3971D0}.Debug|Any CPU.ActiveCfg = Debug|Any CPU
		{A38761C0-8F42-4C04-9DAA-05989B3971D0}.Debug|Any CPU.Build.0 = Debug|Any CPU
		{A38761C0-8F42-4C04-9DAA-05989B3971D0}.Debug|Mixed Platforms.ActiveCfg = Debug|x86
		{A38761C0-8F42-4C04-9DAA-05989B3971D0}.Debug|Mixed Platforms.Build.0 = Debug|x86
		{A38761C0-8F42-4C04-9DAA-05989B3971D0}.Debug|x86.ActiveCfg = Debug|x86
		{A38761C0-8F42-4C04-9DAA-05989B3971D0}.Debug|x86.Build.0 = Debug|x86
		{A38761C0-8F42-4C04-9DAA-05989B3971D0}.Release|Any CPU.ActiveCfg = Release|Any CPU
		{A38761C0-8F42-4C04-9DAA-05989B3971D0}.Release|Any CPU.Build.0 = Release|Any CPU
		{A38761C0-8F42-4C04-9DAA-05989B3971D0}.Release|Mixed Platforms.ActiveCfg = Release|x86
		{A38761C0-8F42-4C04-9DAA-05989B3971D0}.Release|Mixed Platforms.Build.0 = Release|x86
		{A38761C0-8F42-4C04-9DAA-05989B3971D0}.Release|x86.ActiveCfg = Release|x86
		{A38761C0-8F42-4C04-9DAA-05989B3971D0}.Release|x86.Build.0 = Release|x86
		{5AAF5126-7931-40F4-9B46-92CE15C47CCA}.Debug|Any CPU.ActiveCfg = Debug|Any CPU
		{5AAF5126-7931-40F4-9B46-92CE15C47CCA}.Debug|Any CPU.Build.0 = Debug|Any CPU
		{5AAF5126-7931-40F4-9B46-92CE15C47CCA}.Debug|Mixed Platforms.ActiveCfg = Debug|x86
		{5AAF5126-7931-40F4-9B46-92CE15C47CCA}.Debug|Mixed Platforms.Build.0 = Debug|x86
		{5AAF5126-7931-40F4-9B46-92CE15C47CCA}.Debug|x86.ActiveCfg = Debug|x86
		{5AAF5126-7931-40F4-9B46-92CE15C47CCA}.Debug|x86.Build.0 = Debug|x86
		{5AAF5126-7931-40F4-9B46-92CE15C47CCA}.Release|Any CPU.ActiveCfg = Release|Any CPU
		{5AAF5126-7931-40F4-9B46-92CE15C47CCA}.Release|Any CPU.Build.0 = Release|Any CPU
		{5AAF5126-7931-40F4-9B46-92CE15C47CCA}.Release|Mixed Platforms.ActiveCfg = Release|x86
		{5AAF5126-7931-40F4-9B46-92CE15C47CCA}.Release|Mixed Platforms.Build.0 = Release|x86
		{5AAF5126-7931-40F4-9B46-92CE15C47CCA}.Release|x86.ActiveCfg = Release|x86
		{5AAF5126-7931-40F4-9B46-92CE15C47CCA}.Release|x86.Build.0 = Release|x86
		{E13FD5FE-7D45-4A90-8FBB-C498BD144940}.Debug|Any CPU.ActiveCfg = Debug|Any CPU
		{E13FD5FE-7D45-4A90-8FBB-C498BD144940}.Debug|Any CPU.Build.0 = Debug|Any CPU
		{E13FD5FE-7D45-4A90-8FBB-C498BD144940}.Debug|Mixed Platforms.ActiveCfg = Debug|Any CPU
		{E13FD5FE-7D45-4A90-8FBB-C498BD144940}.Debug|Mixed Platforms.Build.0 = Debug|Any CPU
		{E13FD5FE-7D45-4A90-8FBB-C498BD144940}.Debug|x86.ActiveCfg = Debug|Any CPU
		{E13FD5FE-7D45-4A90-8FBB-C498BD144940}.Release|Any CPU.ActiveCfg = Release|Any CPU
		{E13FD5FE-7D45-4A90-8FBB-C498BD144940}.Release|Any CPU.Build.0 = Release|Any CPU
		{E13FD5FE-7D45-4A90-8FBB-C498BD144940}.Release|Mixed Platforms.ActiveCfg = Release|Any CPU
		{E13FD5FE-7D45-4A90-8FBB-C498BD144940}.Release|Mixed Platforms.Build.0 = Release|Any CPU
		{E13FD5FE-7D45-4A90-8FBB-C498BD144940}.Release|x86.ActiveCfg = Release|Any CPU
		{913528C6-350E-4CA0-936E-B75C9D8DE120}.Debug|Any CPU.ActiveCfg = Debug|Any CPU
		{913528C6-350E-4CA0-936E-B75C9D8DE120}.Debug|Any CPU.Build.0 = Debug|Any CPU
		{913528C6-350E-4CA0-936E-B75C9D8DE120}.Debug|Mixed Platforms.ActiveCfg = Debug|x86
		{913528C6-350E-4CA0-936E-B75C9D8DE120}.Debug|Mixed Platforms.Build.0 = Debug|x86
		{913528C6-350E-4CA0-936E-B75C9D8DE120}.Debug|x86.ActiveCfg = Debug|x86
		{913528C6-350E-4CA0-936E-B75C9D8DE120}.Debug|x86.Build.0 = Debug|x86
		{913528C6-350E-4CA0-936E-B75C9D8DE120}.Release|Any CPU.ActiveCfg = Release|Any CPU
		{913528C6-350E-4CA0-936E-B75C9D8DE120}.Release|Any CPU.Build.0 = Release|Any CPU
		{913528C6-350E-4CA0-936E-B75C9D8DE120}.Release|Mixed Platforms.ActiveCfg = Release|x86
		{913528C6-350E-4CA0-936E-B75C9D8DE120}.Release|Mixed Platforms.Build.0 = Release|x86
		{913528C6-350E-4CA0-936E-B75C9D8DE120}.Release|x86.ActiveCfg = Release|x86
		{913528C6-350E-4CA0-936E-B75C9D8DE120}.Release|x86.Build.0 = Release|x86
		{C1581B62-599C-46B8-A08B-60978A7FFB36}.Debug|Any CPU.ActiveCfg = Debug|Any CPU
		{C1581B62-599C-46B8-A08B-60978A7FFB36}.Debug|Any CPU.Build.0 = Debug|Any CPU
		{C1581B62-599C-46B8-A08B-60978A7FFB36}.Debug|Mixed Platforms.ActiveCfg = Debug|Any CPU
		{C1581B62-599C-46B8-A08B-60978A7FFB36}.Debug|Mixed Platforms.Build.0 = Debug|Any CPU
		{C1581B62-599C-46B8-A08B-60978A7FFB36}.Debug|x86.ActiveCfg = Debug|Any CPU
		{C1581B62-599C-46B8-A08B-60978A7FFB36}.Release|Any CPU.ActiveCfg = Release|Any CPU
		{C1581B62-599C-46B8-A08B-60978A7FFB36}.Release|Any CPU.Build.0 = Release|Any CPU
		{C1581B62-599C-46B8-A08B-60978A7FFB36}.Release|Mixed Platforms.ActiveCfg = Release|Any CPU
		{C1581B62-599C-46B8-A08B-60978A7FFB36}.Release|Mixed Platforms.Build.0 = Release|Any CPU
		{C1581B62-599C-46B8-A08B-60978A7FFB36}.Release|x86.ActiveCfg = Release|Any CPU
	EndGlobalSection
	GlobalSection(SolutionProperties) = preSolution
		HideSolutionNode = FALSE
	EndGlobalSection
	GlobalSection(Performance) = preSolution
		HasPerformanceSessions = true
	EndGlobalSection
EndGlobal
